
Microsoft Visual Studio Solution File, Format Version 12.00
# Visual Studio Version 17
VisualStudioVersion = 17.0.32112.339
MinimumVisualStudioVersion = 10.0.40219.1
Project("{9A19103F-16F7-4668-BE54-9A1E7A4F7556}") = "StarboundModCopy", "ConsoleApp2\StarboundModCopy.csproj", "{EB112080-D32D-44CD-AA0E-793403319EF8}"
EndProject
Global
	GlobalSection(SolutionConfigurationPlatforms) = preSolution
		Debug|Any CPU = Debug|Any CPU
		Release|Any CPU = Release|Any CPU
	EndGlobalSection
	GlobalSection(ProjectConfigurationPlatforms) = postSolution
		{EB112080-D32D-44CD-AA0E-793403319EF8}.Debug|Any CPU.ActiveCfg = Debug|Any CPU
		{EB112080-D32D-44CD-AA0E-793403319EF8}.Debug|Any CPU.Build.0 = Debug|Any CPU
		{EB112080-D32D-44CD-AA0E-793403319EF8}.Release|Any CPU.ActiveCfg = Release|Any CPU
		{EB112080-D32D-44CD-AA0E-793403319EF8}.Release|Any CPU.Build.0 = Release|Any CPU
	EndGlobalSection
	GlobalSection(SolutionProperties) = preSolution
		HideSolutionNode = FALSE
	EndGlobalSection
	GlobalSection(ExtensibilityGlobals) = postSolution
		SolutionGuid = {C2A1B094-FE26-4826-9A44-117231205CB8}
	EndGlobalSection
EndGlobal
